
Microsoft Visual Studio Solution File, Format Version 12.00
# Visual Studio 15
VisualStudioVersion = 15.0.28010.2036
MinimumVisualStudioVersion = 10.0.40219.1
Project("{8BC9CEB8-8B4A-11D0-8D11-00A0C91BC942}") = "LAB7-2", "LAB7-2\LAB7-2.vcxproj", "{44B957B2-5B2D-4243-99EC-3283785742D0}"
EndProject
Global
	GlobalSection(SolutionConfigurationPlatforms) = preSolution
		Debug|x64 = Debug|x64
		Debug|x86 = Debug|x86
		Release|x64 = Release|x64
		Release|x86 = Release|x86
	EndGlobalSection
	GlobalSection(ProjectConfigurationPlatforms) = postSolution
		{44B957B2-5B2D-4243-99EC-3283785742D0}.Debug|x64.ActiveCfg = Debug|x64
		{44B957B2-5B2D-4243-99EC-3283785742D0}.Debug|x64.Build.0 = Debug|x64
		{44B957B2-5B2D-4243-99EC-3283785742D0}.Debug|x86.ActiveCfg = Debug|Win32
		{44B957B2-5B2D-4243-99EC-3283785742D0}.Debug|x86.Build.0 = Debug|Win32
		{44B957B2-5B2D-4243-99EC-3283785742D0}.Release|x64.ActiveCfg = Release|x64
		{44B957B2-5B2D-4243-99EC-3283785742D0}.Release|x64.Build.0 = Release|x64
		{44B957B2-5B2D-4243-99EC-3283785742D0}.Release|x86.ActiveCfg = Release|Win32
		{44B957B2-5B2D-4243-99EC-3283785742D0}.Release|x86.Build.0 = Release|Win32
	EndGlobalSection
	GlobalSection(SolutionProperties) = preSolution
		HideSolutionNode = FALSE
	EndGlobalSection
	GlobalSection(ExtensibilityGlobals) = postSolution
		SolutionGuid = {38F876B4-9011-40B1-9CA6-2A1C6A2D405B}
	EndGlobalSection
EndGlobal
